
Microsoft Visual Studio Solution File, Format Version 12.00
# Visual Studio Version 17
VisualStudioVersion = 17.11.35327.3
MinimumVisualStudioVersion = 10.0.40219.1
Project("{FAE04EC0-301F-11D3-BF4B-00C04F79EFBC}") = "SongsWebApp", "SongsWebApp\SongsWebApp.csproj", "{E60E7D69-20F5-4684-B22D-7ABC0AD38E8A}"
EndProject
Project("{FAE04EC0-301F-11D3-BF4B-00C04F79EFBC}") = "SongsWebApp.Models", "SongsWebApp.Models\SongsWebApp.Models.csproj", "{882F0A9C-F039-4D94-BF41-57562E5AA812}"
EndProject
Project("{FAE04EC0-301F-11D3-BF4B-00C04F79EFBC}") = "SongsWebApp.DataAccess", "SongsWebApp.DataAccess\SongsWebApp.DataAccess.csproj", "{989FA5E2-9E6E-4DFF-B1B4-999F09F4527D}"
EndProject
Project("{FAE04EC0-301F-11D3-BF4B-00C04F79EFBC}") = "SongsWebApp.Core", "SongsWebApp.Core\SongsWebApp.Core.csproj", "{0A9172D0-C9E4-407C-BD20-A98626312D14}"
EndProject
Global
	GlobalSection(SolutionConfigurationPlatforms) = preSolution
		Debug|Any CPU = Debug|Any CPU
		Release|Any CPU = Release|Any CPU
	EndGlobalSection
	GlobalSection(ProjectConfigurationPlatforms) = postSolution
		{E60E7D69-20F5-4684-B22D-7ABC0AD38E8A}.Debug|Any CPU.ActiveCfg = Debug|Any CPU
		{E60E7D69-20F5-4684-B22D-7ABC0AD38E8A}.Debug|Any CPU.Build.0 = Debug|Any CPU
		{E60E7D69-20F5-4684-B22D-7ABC0AD38E8A}.Release|Any CPU.ActiveCfg = Release|Any CPU
		{E60E7D69-20F5-4684-B22D-7ABC0AD38E8A}.Release|Any CPU.Build.0 = Release|Any CPU
		{882F0A9C-F039-4D94-BF41-57562E5AA812}.Debug|Any CPU.ActiveCfg = Debug|Any CPU
		{882F0A9C-F039-4D94-BF41-57562E5AA812}.Debug|Any CPU.Build.0 = Debug|Any CPU
		{882F0A9C-F039-4D94-BF41-57562E5AA812}.Release|Any CPU.ActiveCfg = Release|Any CPU
		{882F0A9C-F039-4D94-BF41-57562E5AA812}.Release|Any CPU.Build.0 = Release|Any CPU
		{989FA5E2-9E6E-4DFF-B1B4-999F09F4527D}.Debug|Any CPU.ActiveCfg = Debug|Any CPU
		{989FA5E2-9E6E-4DFF-B1B4-999F09F4527D}.Debug|Any CPU.Build.0 = Debug|Any CPU
		{989FA5E2-9E6E-4DFF-B1B4-999F09F4527D}.Release|Any CPU.ActiveCfg = Release|Any CPU
		{989FA5E2-9E6E-4DFF-B1B4-999F09F4527D}.Release|Any CPU.Build.0 = Release|Any CPU
		{0A9172D0-C9E4-407C-BD20-A98626312D14}.Debug|Any CPU.ActiveCfg = Debug|Any CPU
		{0A9172D0-C9E4-407C-BD20-A98626312D14}.Debug|Any CPU.Build.0 = Debug|Any CPU
		{0A9172D0-C9E4-407C-BD20-A98626312D14}.Release|Any CPU.ActiveCfg = Release|Any CPU
		{0A9172D0-C9E4-407C-BD20-A98626312D14}.Release|Any CPU.Build.0 = Release|Any CPU
	EndGlobalSection
	GlobalSection(SolutionProperties) = preSolution
		HideSolutionNode = FALSE
	EndGlobalSection
	GlobalSection(ExtensibilityGlobals) = postSolution
		SolutionGuid = {A214B393-814B-47F4-9D50-56653A9C32F0}
	EndGlobalSection
EndGlobal
